
Microsoft Visual Studio Solution File, Format Version 12.00
# Visual Studio Version 16
VisualStudioVersion = 16.0.31702.278
MinimumVisualStudioVersion = 10.0.40219.1
Project("{FAE04EC0-301F-11D3-BF4B-00C04F79EFBC}") = "ClassLibrary1", "ClassLibrary1\ClassLibrary1.csproj", "{798B6EB1-E04C-411F-9937-543FBC727915}"
	ProjectSection(ProjectDependencies) = postProject
		{7EFCDEA8-78BA-4C1D-8859-640B52436DA2} = {7EFCDEA8-78BA-4C1D-8859-640B52436DA2}
	EndProjectSection
EndProject
Project("{8BC9CEB8-8B4A-11D0-8D11-00A0C91BC942}") = "Dll_Lab1_6", "Dll_Lab1_6\Dll_Lab1_6.vcxproj", "{7EFCDEA8-78BA-4C1D-8859-640B52436DA2}"
EndProject
Project("{FAE04EC0-301F-11D3-BF4B-00C04F79EFBC}") = "WpfApp1", "WpfApp1\WpfApp1.csproj", "{47A5EDFD-0164-4413-8A71-940182ADEBF0}"
	ProjectSection(ProjectDependencies) = postProject
		{798B6EB1-E04C-411F-9937-543FBC727915} = {798B6EB1-E04C-411F-9937-543FBC727915}
	EndProjectSection
EndProject
Global
	GlobalSection(SolutionConfigurationPlatforms) = preSolution
		Debug|Any CPU = Debug|Any CPU
		Debug|x64 = Debug|x64
		Debug|x86 = Debug|x86
		Release|Any CPU = Release|Any CPU
		Release|x64 = Release|x64
		Release|x86 = Release|x86
	EndGlobalSection
	GlobalSection(ProjectConfigurationPlatforms) = postSolution
		{798B6EB1-E04C-411F-9937-543FBC727915}.Debug|Any CPU.ActiveCfg = Debug|Any CPU
		{798B6EB1-E04C-411F-9937-543FBC727915}.Debug|Any CPU.Build.0 = Debug|Any CPU
		{798B6EB1-E04C-411F-9937-543FBC727915}.Debug|x64.ActiveCfg = Debug|Any CPU
		{798B6EB1-E04C-411F-9937-543FBC727915}.Debug|x64.Build.0 = Debug|Any CPU
		{798B6EB1-E04C-411F-9937-543FBC727915}.Debug|x86.ActiveCfg = Debug|Any CPU
		{798B6EB1-E04C-411F-9937-543FBC727915}.Debug|x86.Build.0 = Debug|Any CPU
		{798B6EB1-E04C-411F-9937-543FBC727915}.Release|Any CPU.ActiveCfg = Release|Any CPU
		{798B6EB1-E04C-411F-9937-543FBC727915}.Release|Any CPU.Build.0 = Release|Any CPU
		{798B6EB1-E04C-411F-9937-543FBC727915}.Release|x64.ActiveCfg = Release|Any CPU
		{798B6EB1-E04C-411F-9937-543FBC727915}.Release|x64.Build.0 = Release|Any CPU
		{798B6EB1-E04C-411F-9937-543FBC727915}.Release|x86.ActiveCfg = Release|Any CPU
		{798B6EB1-E04C-411F-9937-543FBC727915}.Release|x86.Build.0 = Release|Any CPU
		{7EFCDEA8-78BA-4C1D-8859-640B52436DA2}.Debug|Any CPU.ActiveCfg = Debug|x64
		{7EFCDEA8-78BA-4C1D-8859-640B52436DA2}.Debug|x64.ActiveCfg = Debug|x64
		{7EFCDEA8-78BA-4C1D-8859-640B52436DA2}.Debug|x64.Build.0 = Debug|x64
		{7EFCDEA8-78BA-4C1D-8859-640B52436DA2}.Debug|x86.ActiveCfg = Debug|Win32
		{7EFCDEA8-78BA-4C1D-8859-640B52436DA2}.Debug|x86.Build.0 = Debug|Win32
		{7EFCDEA8-78BA-4C1D-8859-640B52436DA2}.Release|Any CPU.ActiveCfg = Release|Win32
		{7EFCDEA8-78BA-4C1D-8859-640B52436DA2}.Release|x64.ActiveCfg = Release|x64
		{7EFCDEA8-78BA-4C1D-8859-640B52436DA2}.Release|x64.Build.0 = Release|x64
		{7EFCDEA8-78BA-4C1D-8859-640B52436DA2}.Release|x86.ActiveCfg = Release|Win32
		{7EFCDEA8-78BA-4C1D-8859-640B52436DA2}.Release|x86.Build.0 = Release|Win32
		{47A5EDFD-0164-4413-8A71-940182ADEBF0}.Debug|Any CPU.ActiveCfg = Debug|Any CPU
		{47A5EDFD-0164-4413-8A71-940182ADEBF0}.Debug|Any CPU.Build.0 = Debug|Any CPU
		{47A5EDFD-0164-4413-8A71-940182ADEBF0}.Debug|x64.ActiveCfg = Debug|Any CPU
		{47A5EDFD-0164-4413-8A71-940182ADEBF0}.Debug|x64.Build.0 = Debug|Any CPU
		{47A5EDFD-0164-4413-8A71-940182ADEBF0}.Debug|x86.ActiveCfg = Debug|Any CPU
		{47A5EDFD-0164-4413-8A71-940182ADEBF0}.Debug|x86.Build.0 = Debug|Any CPU
		{47A5EDFD-0164-4413-8A71-940182ADEBF0}.Release|Any CPU.ActiveCfg = Release|Any CPU
		{47A5EDFD-0164-4413-8A71-940182ADEBF0}.Release|Any CPU.Build.0 = Release|Any CPU
		{47A5EDFD-0164-4413-8A71-940182ADEBF0}.Release|x64.ActiveCfg = Release|Any CPU
		{47A5EDFD-0164-4413-8A71-940182ADEBF0}.Release|x64.Build.0 = Release|Any CPU
		{47A5EDFD-0164-4413-8A71-940182ADEBF0}.Release|x86.ActiveCfg = Release|Any CPU
		{47A5EDFD-0164-4413-8A71-940182ADEBF0}.Release|x86.Build.0 = Release|Any CPU
	EndGlobalSection
	GlobalSection(SolutionProperties) = preSolution
		HideSolutionNode = FALSE
	EndGlobalSection
	GlobalSection(ExtensibilityGlobals) = postSolution
		SolutionGuid = {6685646B-6995-4A17-A9E7-7423F0FA0446}
	EndGlobalSection
EndGlobal
